
Microsoft Visual Studio Solution File, Format Version 12.00
# Visual Studio Version 16
VisualStudioVersion = 16.0.31129.286
MinimumVisualStudioVersion = 10.0.40219.1
Project("{FAE04EC0-301F-11D3-BF4B-00C04F79EFBC}") = "JobManagerMVC_2", "JobManagerMVC_2.csproj", "{DF0BDF9C-F82D-4D0B-875D-5A2CB25FECF2}"
EndProject
Global
	GlobalSection(SolutionConfigurationPlatforms) = preSolution
		Debug|Any CPU = Debug|Any CPU
		Release|Any CPU = Release|Any CPU
	EndGlobalSection
	GlobalSection(ProjectConfigurationPlatforms) = postSolution
		{DF0BDF9C-F82D-4D0B-875D-5A2CB25FECF2}.Debug|Any CPU.ActiveCfg = Debug|Any CPU
		{DF0BDF9C-F82D-4D0B-875D-5A2CB25FECF2}.Debug|Any CPU.Build.0 = Debug|Any CPU
		{DF0BDF9C-F82D-4D0B-875D-5A2CB25FECF2}.Release|Any CPU.ActiveCfg = Release|Any CPU
		{DF0BDF9C-F82D-4D0B-875D-5A2CB25FECF2}.Release|Any CPU.Build.0 = Release|Any CPU
	EndGlobalSection
	GlobalSection(SolutionProperties) = preSolution
		HideSolutionNode = FALSE
	EndGlobalSection
	GlobalSection(ExtensibilityGlobals) = postSolution
		SolutionGuid = {C92A8B4B-FDED-4818-97C8-6D567A6EBA3C}
	EndGlobalSection
EndGlobal
